// !$*UTF8*$!
{
	archiveVersion = 1;
	classes = {
	};
	objectVersion = 42;
	objects = {

/* Begin PBXBuildFile section */
		7F0059D909A89E7500E3F01A /* IPCPackUnpack.c in Sources */ = {isa = PBXBuildFile; fileRef = 7F0059D809A89E7500E3F01A /* IPCPackUnpack.c */; };
		7FCC96ED07C7C7130084B9E6 /* ControllerCoreOSX.c in Sources */ = {isa = PBXBuildFile; fileRef = 7FCC96EB07C7C7130084B9E6 /* ControllerCoreOSX.c */; };
		7FCC96EE07C7C7130084B9E6 /* ControllerCoreOSX.h in Headers */ = {isa = PBXBuildFile; fileRef = 7FCC96EC07C7C7130084B9E6 /* ControllerCoreOSX.h */; settings = {ATTRIBUTES = (Public, ); }; };
		7FCC96FE07C7C7820084B9E6 /* IPCMessageIDs.h in Headers */ = {isa = PBXBuildFile; fileRef = 7FCC96FB07C7C7820084B9E6 /* IPCMessageIDs.h */; };
		7FCC970007C7C7820084B9E6 /* IPCPackUnpack.h in Headers */ = {isa = PBXBuildFile; fileRef = 7FCC96FD07C7C7820084B9E6 /* IPCPackUnpack.h */; };
		8D07F2BE0486CC7A007CD1D0 /* ControllerCoreOSX_Prefix.pch in Headers */ = {isa = PBXBuildFile; fileRef = 32BAE0B70371A74B00C91783 /* ControllerCoreOSX_Prefix.pch */; };
		8D07F2C00486CC7A007CD1D0 /* InfoPlist.strings in Resources */ = {isa = PBXBuildFile; fileRef = 089C1666FE841158C02AAC07 /* InfoPlist.strings */; };
		8D07F2C40486CC7A007CD1D0 /* Carbon.framework in Frameworks */ = {isa = PBXBuildFile; fileRef = 08FB77AAFE841565C02AAC07 /* Carbon.framework */; };
/* End PBXBuildFile section */

/* Begin PBXBuildStyle section */
		4F0BB7EC011F40E904CA0E50 /* Development */ = {
			isa = PBXBuildStyle;
			buildSettings = {
				COPY_PHASE_STRIP = NO;
				DEBUGGING_SYMBOLS = YES;
				GCC_DYNAMIC_NO_PIC = NO;
				GCC_ENABLE_FIX_AND_CONTINUE = YES;
				GCC_GENERATE_DEBUGGING_SYMBOLS = YES;
				GCC_OPTIMIZATION_LEVEL = 0;
				OPTIMIZATION_CFLAGS = "-O0";
				ZERO_LINK = YES;
			};
			name = Development;
		};
		4F0BB7ED011F40E904CA0E50 /* Deployment */ = {
			isa = PBXBuildStyle;
			buildSettings = {
				COPY_PHASE_STRIP = YES;
				GCC_ENABLE_FIX_AND_CONTINUE = NO;
				ZERO_LINK = NO;
			};
			name = Deployment;
		};
/* End PBXBuildStyle section */

/* Begin PBXFileReference section */
		089C1667FE841158C02AAC07 /* English */ = {isa = PBXFileReference; fileEncoding = 10; lastKnownFileType = text.plist.strings; name = English; path = English.lproj/InfoPlist.strings; sourceTree = "<group>"; };
		08FB77AAFE841565C02AAC07 /* Carbon.framework */ = {isa = PBXFileReference; lastKnownFileType = wrapper.framework; name = Carbon.framework; path = /System/Library/Frameworks/Carbon.framework; sourceTree = "<absolute>"; };
		32BAE0B70371A74B00C91783 /* ControllerCoreOSX_Prefix.pch */ = {isa = PBXFileReference; fileEncoding = 4; lastKnownFileType = sourcecode.c.h; path = ControllerCoreOSX_Prefix.pch; sourceTree = "<group>"; };
		7F0059D809A89E7500E3F01A /* IPCPackUnpack.c */ = {isa = PBXFileReference; fileEncoding = 30; lastKnownFileType = sourcecode.c.c; name = IPCPackUnpack.c; path = ../common/IPCPackUnpack.c; sourceTree = SOURCE_ROOT; };
		7FCC96EB07C7C7130084B9E6 /* ControllerCoreOSX.c */ = {isa = PBXFileReference; fileEncoding = 30; lastKnownFileType = sourcecode.c.c; path = ControllerCoreOSX.c; sourceTree = SOURCE_ROOT; };
		7FCC96EC07C7C7130084B9E6 /* ControllerCoreOSX.h */ = {isa = PBXFileReference; fileEncoding = 30; lastKnownFileType = sourcecode.c.h; path = ControllerCoreOSX.h; sourceTree = SOURCE_ROOT; };
		7FCC96FB07C7C7820084B9E6 /* IPCMessageIDs.h */ = {isa = PBXFileReference; fileEncoding = 30; lastKnownFileType = sourcecode.c.h; name = IPCMessageIDs.h; path = ../common/IPCMessageIDs.h; sourceTree = SOURCE_ROOT; };
		7FCC96FD07C7C7820084B9E6 /* IPCPackUnpack.h */ = {isa = PBXFileReference; fileEncoding = 30; lastKnownFileType = sourcecode.c.h; name = IPCPackUnpack.h; path = ../common/IPCPackUnpack.h; sourceTree = SOURCE_ROOT; };
		8D07F2C70486CC7A007CD1D0 /* Info.plist */ = {isa = PBXFileReference; fileEncoding = 4; lastKnownFileType = text.plist; path = Info.plist; sourceTree = "<group>"; };
		8D07F2C80486CC7A007CD1D0 /* ControllerCoreOSX.framework */ = {isa = PBXFileReference; explicitFileType = wrapper.framework; includeInIndex = 0; path = ControllerCoreOSX.framework; sourceTree = BUILT_PRODUCTS_DIR; };
/* End PBXFileReference section */

/* Begin PBXFrameworksBuildPhase section */
		8D07F2C30486CC7A007CD1D0 /* Frameworks */ = {
			isa = PBXFrameworksBuildPhase;
			buildActionMask = 2147483647;
			files = (
				8D07F2C40486CC7A007CD1D0 /* Carbon.framework in Frameworks */,
			);
			runOnlyForDeploymentPostprocessing = 0;
		};
/* End PBXFrameworksBuildPhase section */

/* Begin PBXGroup section */
		034768DDFF38A45A11DB9C8B /* Products */ = {
			isa = PBXGroup;
			children = (
				8D07F2C80486CC7A007CD1D0 /* ControllerCoreOSX.framework */,
			);
			name = Products;
			sourceTree = "<group>";
		};
		0867D691FE84028FC02AAC07 /* ControllerCoreOSX */ = {
			isa = PBXGroup;
			children = (
				08FB77ACFE841707C02AAC07 /* Source */,
				089C1665FE841158C02AAC07 /* Resources */,
				0867D69AFE84028FC02AAC07 /* External Frameworks and Libraries */,
				034768DDFF38A45A11DB9C8B /* Products */,
			);
			name = ControllerCoreOSX;
			sourceTree = "<group>";
		};
		0867D69AFE84028FC02AAC07 /* External Frameworks and Libraries */ = {
			isa = PBXGroup;
			children = (
				08FB77AAFE841565C02AAC07 /* Carbon.framework */,
			);
			name = "External Frameworks and Libraries";
			sourceTree = "<group>";
		};
		089C1665FE841158C02AAC07 /* Resources */ = {
			isa = PBXGroup;
			children = (
				8D07F2C70486CC7A007CD1D0 /* Info.plist */,
				089C1666FE841158C02AAC07 /* InfoPlist.strings */,
			);
			name = Resources;
			sourceTree = "<group>";
		};
		08FB77ACFE841707C02AAC07 /* Source */ = {
			isa = PBXGroup;
			children = (
				7FCC96FB07C7C7820084B9E6 /* IPCMessageIDs.h */,
				7FCC96FD07C7C7820084B9E6 /* IPCPackUnpack.h */,
				7F0059D809A89E7500E3F01A /* IPCPackUnpack.c */,
				7FCC96EB07C7C7130084B9E6 /* ControllerCoreOSX.c */,
				7FCC96EC07C7C7130084B9E6 /* ControllerCoreOSX.h */,
				32BAE0B70371A74B00C91783 /* ControllerCoreOSX_Prefix.pch */,
			);
			name = Source;
			sourceTree = "<group>";
		};
/* End PBXGroup section */

/* Begin PBXHeadersBuildPhase section */
		8D07F2BD0486CC7A007CD1D0 /* Headers */ = {
			isa = PBXHeadersBuildPhase;
			buildActionMask = 2147483647;
			files = (
				8D07F2BE0486CC7A007CD1D0 /* ControllerCoreOSX_Prefix.pch in Headers */,
				7FCC96EE07C7C7130084B9E6 /* ControllerCoreOSX.h in Headers */,
				7FCC96FE07C7C7820084B9E6 /* IPCMessageIDs.h in Headers */,
				7FCC970007C7C7820084B9E6 /* IPCPackUnpack.h in Headers */,
			);
			runOnlyForDeploymentPostprocessing = 0;
		};
/* End PBXHeadersBuildPhase section */

/* Begin PBXNativeTarget section */
		8D07F2BC0486CC7A007CD1D0 /* ControllerCoreOSX */ = {
			isa = PBXNativeTarget;
			buildConfigurationList = 7F01073D094E06A60006A843 /* Build configuration list for PBXNativeTarget "ControllerCoreOSX" */;
			buildPhases = (
				8D07F2BD0486CC7A007CD1D0 /* Headers */,
				8D07F2BF0486CC7A007CD1D0 /* Resources */,
				8D07F2C10486CC7A007CD1D0 /* Sources */,
				8D07F2C30486CC7A007CD1D0 /* Frameworks */,
				8D07F2C50486CC7A007CD1D0 /* Rez */,
			);
			buildRules = (
			);
			buildSettings = {
				DYLIB_COMPATIBILITY_VERSION = 1;
				DYLIB_CURRENT_VERSION = 1;
				FRAMEWORK_SEARCH_PATHS = "";
				FRAMEWORK_VERSION = A;
				GCC_ENABLE_TRIGRAPHS = NO;
				GCC_GENERATE_DEBUGGING_SYMBOLS = NO;
				GCC_INPUT_FILETYPE = sourcecode.cpp.cpp;
				GCC_PRECOMPILE_PREFIX_HEADER = YES;
				GCC_PREFIX_HEADER = ControllerCoreOSX_Prefix.pch;
				GCC_WARN_ABOUT_MISSING_PROTOTYPES = NO;
				GCC_WARN_FOUR_CHARACTER_CONSTANTS = NO;
				GCC_WARN_UNKNOWN_PRAGMAS = NO;
				HEADER_SEARCH_PATHS = (
					"${SRCROOT}/../../quesa/Development/Source/Core/System",
					"${SRCROOT}/../../quesa/Development/Source/Core/Support",
					"${SRCROOT}/../../quesa/Development/Source/Platform/Mac",
					"${SRCROOT}/../../quesa/SDK/Includes/Quesa",
				);
				INFOPLIST_FILE = Info.plist;
				INSTALL_PATH = "$(HOME)/Library/Frameworks";
				LIBRARY_SEARCH_PATHS = "";
				LIBRARY_STYLE = Dynamic;
				OTHER_CFLAGS = "";
				OTHER_LDFLAGS = "";
				PRODUCT_NAME = ControllerCoreOSX;
				SECTORDER_FLAGS = "";
				WARNING_CFLAGS = (
					"-Wmost",
					"-Wno-four-char-constants",
					"-Wno-unknown-pragmas",
				);
				WRAPPER_EXTENSION = framework;
			};
			dependencies = (
			);
			name = ControllerCoreOSX;
			productInstallPath = "$(HOME)/Library/Frameworks";
			productName = ControllerCoreOSX;
			productReference = 8D07F2C80486CC7A007CD1D0 /* ControllerCoreOSX.framework */;
			productType = "com.apple.product-type.framework";
		};
/* End PBXNativeTarget section */

/* Begin PBXProject section */
		0867D690FE84028FC02AAC07 /* Project object */ = {
			isa = PBXProject;
			buildConfigurationList = 7F010741094E06A60006A843 /* Build configuration list for PBXProject "ControllerCoreOSX" */;
			buildSettings = {
			};
			buildStyles = (
				4F0BB7EC011F40E904CA0E50 /* Development */,
				4F0BB7ED011F40E904CA0E50 /* Deployment */,
			);
			hasScannedForEncodings = 1;
			mainGroup = 0867D691FE84028FC02AAC07 /* ControllerCoreOSX */;
			productRefGroup = 034768DDFF38A45A11DB9C8B /* Products */;
			projectDirPath = "";
			targets = (
				8D07F2BC0486CC7A007CD1D0 /* ControllerCoreOSX */,
			);
		};
/* End PBXProject section */

/* Begin PBXResourcesBuildPhase section */
		8D07F2BF0486CC7A007CD1D0 /* Resources */ = {
			isa = PBXResourcesBuildPhase;
			buildActionMask = 2147483647;
			files = (
				8D07F2C00486CC7A007CD1D0 /* InfoPlist.strings in Resources */,
			);
			runOnlyForDeploymentPostprocessing = 0;
		};
/* End PBXResourcesBuildPhase section */

/* Begin PBXRezBuildPhase section */
		8D07F2C50486CC7A007CD1D0 /* Rez */ = {
			isa = PBXRezBuildPhase;
			buildActionMask = 2147483647;
			files = (
			);
			runOnlyForDeploymentPostprocessing = 0;
		};
/* End PBXRezBuildPhase section */

/* Begin PBXSourcesBuildPhase section */
		8D07F2C10486CC7A007CD1D0 /* Sources */ = {
			isa = PBXSourcesBuildPhase;
			buildActionMask = 2147483647;
			files = (
				7FCC96ED07C7C7130084B9E6 /* ControllerCoreOSX.c in Sources */,
				7F0059D909A89E7500E3F01A /* IPCPackUnpack.c in Sources */,
			);
			runOnlyForDeploymentPostprocessing = 0;
		};
/* End PBXSourcesBuildPhase section */

/* Begin PBXVariantGroup section */
		089C1666FE841158C02AAC07 /* InfoPlist.strings */ = {
			isa = PBXVariantGroup;
			children = (
				089C1667FE841158C02AAC07 /* English */,
			);
			name = InfoPlist.strings;
			sourceTree = "<group>";
		};
/* End PBXVariantGroup section */

/* Begin XCBuildConfiguration section */
		7F01073E094E06A60006A843 /* Development */ = {
			isa = XCBuildConfiguration;
			buildSettings = {
				COPY_PHASE_STRIP = NO;
				DEBUGGING_SYMBOLS = YES;
				DYLIB_COMPATIBILITY_VERSION = 1;
				DYLIB_CURRENT_VERSION = 1;
				FRAMEWORK_SEARCH_PATHS = "";
				FRAMEWORK_VERSION = A;
				GCC_DYNAMIC_NO_PIC = NO;
				GCC_ENABLE_FIX_AND_CONTINUE = YES;
				GCC_ENABLE_TRIGRAPHS = NO;
				GCC_GENERATE_DEBUGGING_SYMBOLS = YES;
				GCC_INPUT_FILETYPE = sourcecode.cpp.cpp;
				GCC_OPTIMIZATION_LEVEL = 0;
				GCC_PRECOMPILE_PREFIX_HEADER = YES;
				GCC_PREFIX_HEADER = ControllerCoreOSX_Prefix.pch;
				GCC_WARN_ABOUT_MISSING_PROTOTYPES = NO;
				GCC_WARN_FOUR_CHARACTER_CONSTANTS = NO;
				GCC_WARN_UNKNOWN_PRAGMAS = NO;
				HEADER_SEARCH_PATHS = (
					"${SRCROOT}/../../quesa/Development/Source/Core/System",
					"${SRCROOT}/../../quesa/Development/Source/Core/Support",
					"${SRCROOT}/../../quesa/Development/Source/Platform/Mac",
					"${SRCROOT}/../../quesa/SDK/Includes/Quesa",
				);
				INFOPLIST_FILE = Info.plist;
				INSTALL_PATH = "$(HOME)/Library/Frameworks";
				LIBRARY_SEARCH_PATHS = "";
				LIBRARY_STYLE = Dynamic;
				MACH_O_TYPE = mh_dylib;
				OPTIMIZATION_CFLAGS = "-O0";
				OTHER_CFLAGS = "";
				OTHER_LDFLAGS = "";
				PRODUCT_NAME = ControllerCoreOSX;
				SECTORDER_FLAGS = "";
				WARNING_CFLAGS = (
					"-Wmost",
					"-Wno-four-char-constants",
					"-Wno-unknown-pragmas",
				);
				WRAPPER_EXTENSION = framework;
				ZERO_LINK = YES;
			};
			name = Development;
		};
		7F01073F094E06A60006A843 /* Deployment */ = {
			isa = XCBuildConfiguration;
			buildSettings = {
				COPY_PHASE_STRIP = YES;
				DYLIB_COMPATIBILITY_VERSION = 1;
				DYLIB_CURRENT_VERSION = 1;
				FRAMEWORK_SEARCH_PATHS = "";
				FRAMEWORK_VERSION = A;
				GCC_ENABLE_FIX_AND_CONTINUE = NO;
				GCC_ENABLE_TRIGRAPHS = NO;
				GCC_GENERATE_DEBUGGING_SYMBOLS = NO;
				GCC_INPUT_FILETYPE = sourcecode.cpp.cpp;
				GCC_PRECOMPILE_PREFIX_HEADER = YES;
				GCC_PREFIX_HEADER = ControllerCoreOSX_Prefix.pch;
				GCC_WARN_ABOUT_MISSING_PROTOTYPES = NO;
				GCC_WARN_FOUR_CHARACTER_CONSTANTS = NO;
				GCC_WARN_UNKNOWN_PRAGMAS = NO;
				HEADER_SEARCH_PATHS = (
					"${SRCROOT}/../../quesa/Development/Source/Core/System",
					"${SRCROOT}/../../quesa/Development/Source/Core/Support",
					"${SRCROOT}/../../quesa/Development/Source/Platform/Mac",
					"${SRCROOT}/../../quesa/SDK/Includes/Quesa",
				);
				INFOPLIST_FILE = Info.plist;
				INSTALL_PATH = "$(HOME)/Library/Frameworks";
				LIBRARY_SEARCH_PATHS = "";
				LIBRARY_STYLE = Dynamic;
				MACH_O_TYPE = mh_dylib;
				OTHER_CFLAGS = "";
				OTHER_LDFLAGS = "";
				PRODUCT_NAME = ControllerCoreOSX;
				SECTORDER_FLAGS = "";
				WARNING_CFLAGS = (
					"-Wmost",
					"-Wno-four-char-constants",
					"-Wno-unknown-pragmas",
				);
				WRAPPER_EXTENSION = framework;
				ZERO_LINK = NO;
			};
			name = Deployment;
		};
		7F010740094E06A60006A843 /* Default */ = {
			isa = XCBuildConfiguration;
			buildSettings = {
				DYLIB_COMPATIBILITY_VERSION = 1;
				DYLIB_CURRENT_VERSION = 1;
				FRAMEWORK_SEARCH_PATHS = "";
				FRAMEWORK_VERSION = A;
				GCC_ENABLE_TRIGRAPHS = NO;
				GCC_GENERATE_DEBUGGING_SYMBOLS = NO;
				GCC_INPUT_FILETYPE = sourcecode.cpp.cpp;
				GCC_PRECOMPILE_PREFIX_HEADER = YES;
				GCC_PREFIX_HEADER = ControllerCoreOSX_Prefix.pch;
				GCC_WARN_ABOUT_MISSING_PROTOTYPES = NO;
				GCC_WARN_FOUR_CHARACTER_CONSTANTS = NO;
				GCC_WARN_UNKNOWN_PRAGMAS = NO;
				HEADER_SEARCH_PATHS = (
					"${SRCROOT}/../../quesa/Development/Source/Core/System",
					"${SRCROOT}/../../quesa/Development/Source/Core/Support",
					"${SRCROOT}/../../quesa/Development/Source/Platform/Mac",
					"${SRCROOT}/../../quesa/SDK/Includes/Quesa",
				);
				INFOPLIST_FILE = Info.plist;
				INSTALL_PATH = "$(HOME)/Library/Frameworks";
				LIBRARY_SEARCH_PATHS = "";
				LIBRARY_STYLE = Dynamic;
				MACH_O_TYPE = mh_dylib;
				OTHER_CFLAGS = "";
				OTHER_LDFLAGS = "";
				PRODUCT_NAME = ControllerCoreOSX;
				SECTORDER_FLAGS = "";
				WARNING_CFLAGS = (
					"-Wmost",
					"-Wno-four-char-constants",
					"-Wno-unknown-pragmas",
				);
				WRAPPER_EXTENSION = framework;
			};
			name = Default;
		};
		7F010742094E06A60006A843 /* Development */ = {
			isa = XCBuildConfiguration;
			buildSettings = {
				ALWAYS_SEARCH_USER_PATHS = YES;
				GCC_INPUT_FILETYPE = automatic;
				GCC_PRECOMPILE_PREFIX_HEADER = YES;
				GCC_PREFIX_HEADER = ControllerCoreOSX_Prefix.pch;
				HEADER_SEARCH_PATHS = (
					../../quesa/Development/Source/Core/System,
					../../quesa/Development/Source/Core/Support,
					../../quesa/Development/Source/Platform/Mac,
					../../quesa/SDK/Includes/Quesa,
				);
				USER_HEADER_SEARCH_PATHS = "";
			};
			name = Development;
		};
		7F010743094E06A60006A843 /* Deployment */ = {
			isa = XCBuildConfiguration;
			buildSettings = {
				ALWAYS_SEARCH_USER_PATHS = YES;
				GCC_INPUT_FILETYPE = automatic;
				GCC_PRECOMPILE_PREFIX_HEADER = YES;
				GCC_PREFIX_HEADER = ControllerCoreOSX_Prefix.pch;
				HEADER_SEARCH_PATHS = (
					../../quesa/Development/Source/Core/System,
					../../quesa/Development/Source/Core/Support,
					../../quesa/Development/Source/Platform/Mac,
					../../quesa/SDK/Includes/Quesa,
				);
				USER_HEADER_SEARCH_PATHS = "";
			};
			name = Deployment;
		};
		7F010744094E06A60006A843 /* Default */ = {
			isa = XCBuildConfiguration;
			buildSettings = {
				ALWAYS_SEARCH_USER_PATHS = YES;
				GCC_INPUT_FILETYPE = automatic;
				GCC_PRECOMPILE_PREFIX_HEADER = YES;
				GCC_PREFIX_HEADER = ControllerCoreOSX_Prefix.pch;
				HEADER_SEARCH_PATHS = (
					../../quesa/Development/Source/Core/System,
					../../quesa/Development/Source/Core/Support,
					../../quesa/Development/Source/Platform/Mac,
					../../quesa/SDK/Includes/Quesa,
				);
				USER_HEADER_SEARCH_PATHS = "";
			};
			name = Default;
		};
/* End XCBuildConfiguration section */

/* Begin XCConfigurationList section */
		7F01073D094E06A60006A843 /* Build configuration list for PBXNativeTarget "ControllerCoreOSX" */ = {
			isa = XCConfigurationList;
			buildConfigurations = (
				7F01073E094E06A60006A843 /* Development */,
				7F01073F094E06A60006A843 /* Deployment */,
				7F010740094E06A60006A843 /* Default */,
			);
			defaultConfigurationIsVisible = 0;
			defaultConfigurationName = Default;
		};
		7F010741094E06A60006A843 /* Build configuration list for PBXProject "ControllerCoreOSX" */ = {
			isa = XCConfigurationList;
			buildConfigurations = (
				7F010742094E06A60006A843 /* Development */,
				7F010743094E06A60006A843 /* Deployment */,
				7F010744094E06A60006A843 /* Default */,
			);
			defaultConfigurationIsVisible = 0;
			defaultConfigurationName = Default;
		};
/* End XCConfigurationList section */
	};
	rootObject = 0867D690FE84028FC02AAC07 /* Project object */;
}
