// !$*UTF8*$!
{
	archiveVersion = 1;
	classes = {
	};
	objectVersion = 42;
	objects = {

/* Begin PBXBuildFile section */
		7F4306AD07C9164900A9CB8C /* TryTracker.c in Sources */ = {isa = PBXBuildFile; fileRef = 7F4306A807C9164900A9CB8C /* TryTracker.c */; };
		7F4306AE07C9164900A9CB8C /* TryTracker.h in Resources */ = {isa = PBXBuildFile; fileRef = 7F4306A907C9164900A9CB8C /* TryTracker.h */; };
		7F4306B007C9164900A9CB8C /* TryTrackerSupport.c in Sources */ = {isa = PBXBuildFile; fileRef = 7F4306AB07C9164900A9CB8C /* TryTrackerSupport.c */; };
		7F4306B107C9164900A9CB8C /* TryTrackerSupport.h in Resources */ = {isa = PBXBuildFile; fileRef = 7F4306AC07C9164900A9CB8C /* TryTrackerSupport.h */; };
		7FC4CDCB09BE0D6C00C07017 /* Quesa.framework in Frameworks */ = {isa = PBXBuildFile; fileRef = 7FC4CDCA09BE0D6C00C07017 /* Quesa.framework */; };
		8D0C4E8D0486CD37000505A6 /* InfoPlist.strings in Resources */ = {isa = PBXBuildFile; fileRef = 0867D6AAFE840B52C02AAC07 /* InfoPlist.strings */; };
		8D0C4E920486CD37000505A6 /* Carbon.framework in Frameworks */ = {isa = PBXBuildFile; fileRef = 20286C33FDCF999611CA2CEA /* Carbon.framework */; };
/* End PBXBuildFile section */

/* Begin PBXBuildStyle section */
		4A9504C5FFE6A39111CA0CBA /* Development */ = {
			isa = PBXBuildStyle;
			buildSettings = {
				COPY_PHASE_STRIP = NO;
				GCC_DYNAMIC_NO_PIC = NO;
				GCC_ENABLE_FIX_AND_CONTINUE = YES;
				GCC_GENERATE_DEBUGGING_SYMBOLS = YES;
				GCC_OPTIMIZATION_LEVEL = 0;
				ZERO_LINK = YES;
			};
			name = Development;
		};
		4A9504C6FFE6A39111CA0CBA /* Deployment */ = {
			isa = PBXBuildStyle;
			buildSettings = {
				COPY_PHASE_STRIP = YES;
				GCC_ENABLE_FIX_AND_CONTINUE = NO;
				ZERO_LINK = NO;
			};
			name = Deployment;
		};
/* End PBXBuildStyle section */

/* Begin PBXFileReference section */
		0867D6ABFE840B52C02AAC07 /* English */ = {isa = PBXFileReference; fileEncoding = 10; lastKnownFileType = text.plist.strings; name = English; path = English.lproj/InfoPlist.strings; sourceTree = "<group>"; };
		20286C33FDCF999611CA2CEA /* Carbon.framework */ = {isa = PBXFileReference; lastKnownFileType = wrapper.framework; name = Carbon.framework; path = /System/Library/Frameworks/Carbon.framework; sourceTree = "<absolute>"; };
		32DBCF6D0370B57F00C91783 /* TryTrackerCarbon_Prefix.pch */ = {isa = PBXFileReference; fileEncoding = 4; lastKnownFileType = sourcecode.c.h; path = TryTrackerCarbon_Prefix.pch; sourceTree = "<group>"; };
		4A9504C8FFE6A3BC11CA0CBA /* ApplicationServices.framework */ = {isa = PBXFileReference; lastKnownFileType = wrapper.framework; name = ApplicationServices.framework; path = /System/Library/Frameworks/ApplicationServices.framework; sourceTree = "<absolute>"; };
		4A9504CAFFE6A41611CA0CBA /* CoreServices.framework */ = {isa = PBXFileReference; lastKnownFileType = wrapper.framework; name = CoreServices.framework; path = /System/Library/Frameworks/CoreServices.framework; sourceTree = "<absolute>"; };
		7F4306A807C9164900A9CB8C /* TryTracker.c */ = {isa = PBXFileReference; fileEncoding = 30; lastKnownFileType = sourcecode.c.c; path = TryTracker.c; sourceTree = "<group>"; };
		7F4306A907C9164900A9CB8C /* TryTracker.h */ = {isa = PBXFileReference; fileEncoding = 30; lastKnownFileType = sourcecode.c.h; path = TryTracker.h; sourceTree = "<group>"; };
		7F4306AB07C9164900A9CB8C /* TryTrackerSupport.c */ = {isa = PBXFileReference; fileEncoding = 30; lastKnownFileType = sourcecode.c.c; path = TryTrackerSupport.c; sourceTree = "<group>"; };
		7F4306AC07C9164900A9CB8C /* TryTrackerSupport.h */ = {isa = PBXFileReference; fileEncoding = 30; lastKnownFileType = sourcecode.c.h; path = TryTrackerSupport.h; sourceTree = "<group>"; };
		7FC4CDCA09BE0D6C00C07017 /* Quesa.framework */ = {isa = PBXFileReference; lastKnownFileType = wrapper.framework; name = Quesa.framework; path = ../../../../../Library/Frameworks/Quesa.framework; sourceTree = SOURCE_ROOT; };
		8D0C4E960486CD37000505A6 /* Info.plist */ = {isa = PBXFileReference; fileEncoding = 4; lastKnownFileType = text.plist; path = Info.plist; sourceTree = "<group>"; };
		8D0C4E970486CD37000505A6 /* TryTrackerCarbon.app */ = {isa = PBXFileReference; explicitFileType = wrapper.application; includeInIndex = 0; path = TryTrackerCarbon.app; sourceTree = BUILT_PRODUCTS_DIR; };
/* End PBXFileReference section */

/* Begin PBXFrameworksBuildPhase section */
		8D0C4E910486CD37000505A6 /* Frameworks */ = {
			isa = PBXFrameworksBuildPhase;
			buildActionMask = 2147483647;
			files = (
				8D0C4E920486CD37000505A6 /* Carbon.framework in Frameworks */,
				7FC4CDCB09BE0D6C00C07017 /* Quesa.framework in Frameworks */,
			);
			runOnlyForDeploymentPostprocessing = 0;
		};
/* End PBXFrameworksBuildPhase section */

/* Begin PBXGroup section */
		195DF8CFFE9D517E11CA2CBB /* Products */ = {
			isa = PBXGroup;
			children = (
				8D0C4E970486CD37000505A6 /* TryTrackerCarbon.app */,
			);
			name = Products;
			sourceTree = "<group>";
		};
		20286C29FDCF999611CA2CEA /* TryTrackerCarbon */ = {
			isa = PBXGroup;
			children = (
				20286C2AFDCF999611CA2CEA /* Sources */,
				20286C2CFDCF999611CA2CEA /* Resources */,
				20286C32FDCF999611CA2CEA /* External Frameworks and Libraries */,
				195DF8CFFE9D517E11CA2CBB /* Products */,
			);
			name = TryTrackerCarbon;
			sourceTree = "<group>";
		};
		20286C2AFDCF999611CA2CEA /* Sources */ = {
			isa = PBXGroup;
			children = (
				7F4306A807C9164900A9CB8C /* TryTracker.c */,
				7F4306A907C9164900A9CB8C /* TryTracker.h */,
				7F4306AB07C9164900A9CB8C /* TryTrackerSupport.c */,
				7F4306AC07C9164900A9CB8C /* TryTrackerSupport.h */,
				32DBCF6D0370B57F00C91783 /* TryTrackerCarbon_Prefix.pch */,
			);
			name = Sources;
			sourceTree = "<group>";
		};
		20286C2CFDCF999611CA2CEA /* Resources */ = {
			isa = PBXGroup;
			children = (
				8D0C4E960486CD37000505A6 /* Info.plist */,
				0867D6AAFE840B52C02AAC07 /* InfoPlist.strings */,
			);
			name = Resources;
			sourceTree = "<group>";
		};
		20286C32FDCF999611CA2CEA /* External Frameworks and Libraries */ = {
			isa = PBXGroup;
			children = (
				7FC4CDCA09BE0D6C00C07017 /* Quesa.framework */,
				20286C33FDCF999611CA2CEA /* Carbon.framework */,
				4A9504CAFFE6A41611CA0CBA /* CoreServices.framework */,
				4A9504C8FFE6A3BC11CA0CBA /* ApplicationServices.framework */,
			);
			name = "External Frameworks and Libraries";
			sourceTree = "<group>";
		};
/* End PBXGroup section */

/* Begin PBXNativeTarget section */
		8D0C4E890486CD37000505A6 /* TryTrackerCarbon */ = {
			isa = PBXNativeTarget;
			buildConfigurationList = 7FEE6CC009A880600057EE9D /* Build configuration list for PBXNativeTarget "TryTrackerCarbon" */;
			buildPhases = (
				8D0C4E8C0486CD37000505A6 /* Resources */,
				8D0C4E8F0486CD37000505A6 /* Sources */,
				8D0C4E910486CD37000505A6 /* Frameworks */,
			);
			buildRules = (
			);
			buildSettings = {
				FRAMEWORK_SEARCH_PATHS = "\"/Volumes/Eliza User/Users/ole/Library/Frameworks\"";
				GCC_GENERATE_DEBUGGING_SYMBOLS = NO;
				GCC_PRECOMPILE_PREFIX_HEADER = YES;
				GCC_PREFIX_HEADER = TryTrackerCarbon_Prefix.pch;
				INFOPLIST_FILE = Info.plist;
				INSTALL_PATH = "$(HOME)/Applications";
				PRODUCT_NAME = TryTrackerCarbon;
				WRAPPER_EXTENSION = app;
			};
			dependencies = (
			);
			name = TryTrackerCarbon;
			productInstallPath = "$(HOME)/Applications";
			productName = TryTrackerCarbon;
			productReference = 8D0C4E970486CD37000505A6 /* TryTrackerCarbon.app */;
			productType = "com.apple.product-type.application";
		};
/* End PBXNativeTarget section */

/* Begin PBXProject section */
		20286C28FDCF999611CA2CEA /* Project object */ = {
			isa = PBXProject;
			buildConfigurationList = 7FEE6CC409A880600057EE9D /* Build configuration list for PBXProject "TryTrackerCarbon" */;
			buildSettings = {
			};
			buildStyles = (
				4A9504C5FFE6A39111CA0CBA /* Development */,
				4A9504C6FFE6A39111CA0CBA /* Deployment */,
			);
			hasScannedForEncodings = 1;
			mainGroup = 20286C29FDCF999611CA2CEA /* TryTrackerCarbon */;
			projectDirPath = "";
			targets = (
				8D0C4E890486CD37000505A6 /* TryTrackerCarbon */,
			);
		};
/* End PBXProject section */

/* Begin PBXResourcesBuildPhase section */
		8D0C4E8C0486CD37000505A6 /* Resources */ = {
			isa = PBXResourcesBuildPhase;
			buildActionMask = 2147483647;
			files = (
				8D0C4E8D0486CD37000505A6 /* InfoPlist.strings in Resources */,
				7F4306AE07C9164900A9CB8C /* TryTracker.h in Resources */,
				7F4306B107C9164900A9CB8C /* TryTrackerSupport.h in Resources */,
			);
			runOnlyForDeploymentPostprocessing = 0;
		};
/* End PBXResourcesBuildPhase section */

/* Begin PBXSourcesBuildPhase section */
		8D0C4E8F0486CD37000505A6 /* Sources */ = {
			isa = PBXSourcesBuildPhase;
			buildActionMask = 2147483647;
			files = (
				7F4306AD07C9164900A9CB8C /* TryTracker.c in Sources */,
				7F4306B007C9164900A9CB8C /* TryTrackerSupport.c in Sources */,
			);
			runOnlyForDeploymentPostprocessing = 0;
		};
/* End PBXSourcesBuildPhase section */

/* Begin PBXVariantGroup section */
		0867D6AAFE840B52C02AAC07 /* InfoPlist.strings */ = {
			isa = PBXVariantGroup;
			children = (
				0867D6ABFE840B52C02AAC07 /* English */,
			);
			name = InfoPlist.strings;
			sourceTree = "<group>";
		};
/* End PBXVariantGroup section */

/* Begin XCBuildConfiguration section */
		7FEE6CC109A880600057EE9D /* Development */ = {
			isa = XCBuildConfiguration;
			buildSettings = {
				COPY_PHASE_STRIP = NO;
				FRAMEWORK_SEARCH_PATHS = (
					"/Volumes/Eliza User/Users/ole/Library/Frameworks",
					"$(SRCROOT)/../../../../Library/Frameworks",
					"$(SRCROOT)/../../../../../Library/Frameworks",
				);
				GCC_DYNAMIC_NO_PIC = NO;
				GCC_ENABLE_FIX_AND_CONTINUE = YES;
				GCC_GENERATE_DEBUGGING_SYMBOLS = YES;
				GCC_OPTIMIZATION_LEVEL = 0;
				GCC_PRECOMPILE_PREFIX_HEADER = YES;
				GCC_PREFIX_HEADER = TryTrackerCarbon_Prefix.pch;
				INFOPLIST_FILE = Info.plist;
				INSTALL_PATH = "$(HOME)/Applications";
				PRODUCT_NAME = TryTrackerCarbon;
				WRAPPER_EXTENSION = app;
				ZERO_LINK = YES;
			};
			name = Development;
		};
		7FEE6CC209A880600057EE9D /* Deployment */ = {
			isa = XCBuildConfiguration;
			buildSettings = {
				COPY_PHASE_STRIP = YES;
				FRAMEWORK_SEARCH_PATHS = (
					"/Volumes/Eliza User/Users/ole/Library/Frameworks",
					"$(SRCROOT)/../../../../Library/Frameworks",
					"$(SRCROOT)/../../../../../Library/Frameworks",
				);
				GCC_ENABLE_FIX_AND_CONTINUE = NO;
				GCC_GENERATE_DEBUGGING_SYMBOLS = NO;
				GCC_PRECOMPILE_PREFIX_HEADER = YES;
				GCC_PREFIX_HEADER = TryTrackerCarbon_Prefix.pch;
				INFOPLIST_FILE = Info.plist;
				INSTALL_PATH = "$(HOME)/Applications";
				PRODUCT_NAME = TryTrackerCarbon;
				WRAPPER_EXTENSION = app;
				ZERO_LINK = NO;
			};
			name = Deployment;
		};
		7FEE6CC309A880600057EE9D /* Default */ = {
			isa = XCBuildConfiguration;
			buildSettings = {
				FRAMEWORK_SEARCH_PATHS = (
					"/Volumes/Eliza User/Users/ole/Library/Frameworks",
					"$(SRCROOT)/../../../../Library/Frameworks",
					"$(SRCROOT)/../../../../../Library/Frameworks",
				);
				GCC_GENERATE_DEBUGGING_SYMBOLS = NO;
				GCC_PRECOMPILE_PREFIX_HEADER = YES;
				GCC_PREFIX_HEADER = TryTrackerCarbon_Prefix.pch;
				INFOPLIST_FILE = Info.plist;
				INSTALL_PATH = "$(HOME)/Applications";
				PRODUCT_NAME = TryTrackerCarbon;
				WRAPPER_EXTENSION = app;
			};
			name = Default;
		};
		7FEE6CC509A880600057EE9D /* Development */ = {
			isa = XCBuildConfiguration;
			buildSettings = {
			};
			name = Development;
		};
		7FEE6CC609A880600057EE9D /* Deployment */ = {
			isa = XCBuildConfiguration;
			buildSettings = {
			};
			name = Deployment;
		};
		7FEE6CC709A880600057EE9D /* Default */ = {
			isa = XCBuildConfiguration;
			buildSettings = {
			};
			name = Default;
		};
/* End XCBuildConfiguration section */

/* Begin XCConfigurationList section */
		7FEE6CC009A880600057EE9D /* Build configuration list for PBXNativeTarget "TryTrackerCarbon" */ = {
			isa = XCConfigurationList;
			buildConfigurations = (
				7FEE6CC109A880600057EE9D /* Development */,
				7FEE6CC209A880600057EE9D /* Deployment */,
				7FEE6CC309A880600057EE9D /* Default */,
			);
			defaultConfigurationIsVisible = 0;
			defaultConfigurationName = Default;
		};
		7FEE6CC409A880600057EE9D /* Build configuration list for PBXProject "TryTrackerCarbon" */ = {
			isa = XCConfigurationList;
			buildConfigurations = (
				7FEE6CC509A880600057EE9D /* Development */,
				7FEE6CC609A880600057EE9D /* Deployment */,
				7FEE6CC709A880600057EE9D /* Default */,
			);
			defaultConfigurationIsVisible = 0;
			defaultConfigurationName = Default;
		};
/* End XCConfigurationList section */
	};
	rootObject = 20286C28FDCF999611CA2CEA /* Project object */;
}
